<Solution>
  <Folder Name="/src/">
    <Project Path="src/Trupe.Abstractions/Trupe.Abstractions.csproj" />
    <Project Path="src/Trupe.Extensions.Hosting/Trupe.Extensions.Hosting.csproj" />
    <Project Path="src/Trupe/Trupe.csproj" />
  </Folder>
  <Folder Name="/tests/">
    <Project Path="tests/Trupe.Extensions.Hosting.Tests/Trupe.Extensions.Hosting.Tests.csproj" />
    <Project Path="tests/Trupe.Tests/Trupe.Tests.csproj" />
    <Project Path="tests/Trupe.IntegrationTests/Trupe.IntegrationTests.csproj" />
  </Folder>
</Solution>
