<Solution>
  <Configurations>
    <Platform Name="Any CPU" />
    <Platform Name="x64" />
    <Platform Name="x86" />
  </Configurations>
  <Folder Name="/src/">
    <Project Path="src/Trupe/Trupe.csproj" />
  </Folder>
  <Folder Name="/tests/">
    <Project Path="tests/Trupe.Tests/Trupe.Tests.csproj" />
  </Folder>
</Solution>
